
Microsoft Visual Studio Solution File, Format Version 12.00
# Visual Studio Version 17
VisualStudioVersion = 17.5.002.0
MinimumVisualStudioVersion = 10.0.40219.1
Project("{9A19103F-16F7-4668-BE54-9A1E7A4F7556}") = "BankApp", "BankApp.csproj", "{39EE1A9F-1ABB-4982-946E-CF55B856A20D}"
EndProject
Global
	GlobalSection(SolutionConfigurationPlatforms) = preSolution
		Debug|Any CPU = Debug|Any CPU
		Release|Any CPU = Release|Any CPU
	EndGlobalSection
	GlobalSection(ProjectConfigurationPlatforms) = postSolution
		{39EE1A9F-1ABB-4982-946E-CF55B856A20D}.Debug|Any CPU.ActiveCfg = Debug|Any CPU
		{39EE1A9F-1ABB-4982-946E-CF55B856A20D}.Debug|Any CPU.Build.0 = Debug|Any CPU
		{39EE1A9F-1ABB-4982-946E-CF55B856A20D}.Release|Any CPU.ActiveCfg = Release|Any CPU
		{39EE1A9F-1ABB-4982-946E-CF55B856A20D}.Release|Any CPU.Build.0 = Release|Any CPU
	EndGlobalSection
	GlobalSection(SolutionProperties) = preSolution
		HideSolutionNode = FALSE
	EndGlobalSection
	GlobalSection(ExtensibilityGlobals) = postSolution
		SolutionGuid = {600DB021-0073-4189-BC47-BBD62A34FB2C}
	EndGlobalSection
EndGlobal
